// !$*UTF8*$!
{
	archiveVersion = 1;
	classes = {
	};
	objectVersion = 50;
	objects = {

/* Begin PBXBuildFile section */
		5A24AD92248CD4A800569BE1 /* FileListViewController+DragDrop.swift in Sources */ = {isa = PBXBuildFile; fileRef = 5A24AD91248CD4A800569BE1 /* FileListViewController+DragDrop.swift */; };
		5A24AD94248CDE7100569BE1 /* FileListViewController+FirstResponder.swift in Sources */ = {isa = PBXBuildFile; fileRef = 5A24AD93248CDE7100569BE1 /* FileListViewController+FirstResponder.swift */; };
		5A2B8E1B248474950056ECB4 /* PrimaryWindowController.swift in Sources */ = {isa = PBXBuildFile; fileRef = 5A2B8E1A248474950056ECB4 /* PrimaryWindowController.swift */; };
		5A69FB36245BD38F003E2F56 /* SidebarViewController+DragDrop.swift in Sources */ = {isa = PBXBuildFile; fileRef = 5A69FB35245BD38F003E2F56 /* SidebarViewController+DragDrop.swift */; };
		5A69FB39245BD698003E2F56 /* DirectoryPasteboardItem.swift in Sources */ = {isa = PBXBuildFile; fileRef = 5A69FB38245BD698003E2F56 /* DirectoryPasteboardItem.swift */; };
		5A73E4E024528F5800450137 /* AppDelegate.swift in Sources */ = {isa = PBXBuildFile; fileRef = 5A73E4DF24528F5800450137 /* AppDelegate.swift */; };
		5A73E4E424528F5B00450137 /* Assets.xcassets in Resources */ = {isa = PBXBuildFile; fileRef = 5A73E4E324528F5B00450137 /* Assets.xcassets */; };
		5A73E4E724528F5B00450137 /* Main.storyboard in Resources */ = {isa = PBXBuildFile; fileRef = 5A73E4E524528F5B00450137 /* Main.storyboard */; };
		5A73E4F324528F5B00450137 /* GraphsTests.swift in Sources */ = {isa = PBXBuildFile; fileRef = 5A73E4F224528F5B00450137 /* GraphsTests.swift */; };
		5A73E4FE24528F5B00450137 /* GraphsUITests.swift in Sources */ = {isa = PBXBuildFile; fileRef = 5A73E4FD24528F5B00450137 /* GraphsUITests.swift */; };
		5A73E50F2452969B00450137 /* SidebarViewController.swift in Sources */ = {isa = PBXBuildFile; fileRef = 5A73E50E2452969B00450137 /* SidebarViewController.swift */; };
		5A73E51424529BC000450137 /* GraphsModel.xcdatamodeld in Sources */ = {isa = PBXBuildFile; fileRef = 5A73E51224529BC000450137 /* GraphsModel.xcdatamodeld */; };
		5A73E5212452A78F00450137 /* File.swift in Sources */ = {isa = PBXBuildFile; fileRef = 5A73E51B2452A78F00450137 /* File.swift */; };
		5A73E5232452A78F00450137 /* DirectoryItem.swift in Sources */ = {isa = PBXBuildFile; fileRef = 5A73E51D2452A78F00450137 /* DirectoryItem.swift */; };
		5A73E5252452A78F00450137 /* Directory.swift in Sources */ = {isa = PBXBuildFile; fileRef = 5A73E51F2452A78F00450137 /* Directory.swift */; };
		5A73E53224531D2500450137 /* DataController.swift in Sources */ = {isa = PBXBuildFile; fileRef = 5A73E53124531D2500450137 /* DataController.swift */; };
		5A73E53A24533BF300450137 /* Debug.swift in Sources */ = {isa = PBXBuildFile; fileRef = 5A73E53924533BF300450137 /* Debug.swift */; };
		5A73E53C2453473F00450137 /* Identifiers.swift in Sources */ = {isa = PBXBuildFile; fileRef = 5A73E53B2453473F00450137 /* Identifiers.swift */; };
		5A79055F24554B0A0021CDB2 /* DirectoryController.swift in Sources */ = {isa = PBXBuildFile; fileRef = 5A79055E24554B0A0021CDB2 /* DirectoryController.swift */; };
		5AA95E43247B76EB001FF163 /* FileListViewController.swift in Sources */ = {isa = PBXBuildFile; fileRef = 5AA95E42247B76EB001FF163 /* FileListViewController.swift */; };
		5AA95E45247B79BC001FF163 /* FileListViewController+NSTableViewDelegate.swift in Sources */ = {isa = PBXBuildFile; fileRef = 5AA95E44247B79BC001FF163 /* FileListViewController+NSTableViewDelegate.swift */; };
		5AF55146246C340B00029E40 /* SidebarViewController+FirstResponder.swift in Sources */ = {isa = PBXBuildFile; fileRef = 5AF55145246C340B00029E40 /* SidebarViewController+FirstResponder.swift */; };
		5AF55148246C344F00029E40 /* SidebarViewController+NSOutlineViewDelegate.swift in Sources */ = {isa = PBXBuildFile; fileRef = 5AF55147246C344F00029E40 /* SidebarViewController+NSOutlineViewDelegate.swift */; };
		5AF5514A246C34EE00029E40 /* SidebarViewController+NSTextFieldDelegate.swift in Sources */ = {isa = PBXBuildFile; fileRef = 5AF55149246C34EE00029E40 /* SidebarViewController+NSTextFieldDelegate.swift */; };
		5AF5514C246C382900029E40 /* SidebarViewController+NSFilePromiseProviderDelegate.swift in Sources */ = {isa = PBXBuildFile; fileRef = 5AF5514B246C382900029E40 /* SidebarViewController+NSFilePromiseProviderDelegate.swift */; };
/* End PBXBuildFile section */

/* Begin PBXContainerItemProxy section */
		5A73E4EF24528F5B00450137 /* PBXContainerItemProxy */ = {
			isa = PBXContainerItemProxy;
			containerPortal = 5A73E4D424528F5800450137 /* Project object */;
			proxyType = 1;
			remoteGlobalIDString = 5A73E4DB24528F5800450137;
			remoteInfo = Graphs;
		};
		5A73E4FA24528F5B00450137 /* PBXContainerItemProxy */ = {
			isa = PBXContainerItemProxy;
			containerPortal = 5A73E4D424528F5800450137 /* Project object */;
			proxyType = 1;
			remoteGlobalIDString = 5A73E4DB24528F5800450137;
			remoteInfo = Graphs;
		};
/* End PBXContainerItemProxy section */

/* Begin PBXFileReference section */
		5A24AD91248CD4A800569BE1 /* FileListViewController+DragDrop.swift */ = {isa = PBXFileReference; lastKnownFileType = sourcecode.swift; path = "FileListViewController+DragDrop.swift"; sourceTree = "<group>"; };
		5A24AD93248CDE7100569BE1 /* FileListViewController+FirstResponder.swift */ = {isa = PBXFileReference; lastKnownFileType = sourcecode.swift; path = "FileListViewController+FirstResponder.swift"; sourceTree = "<group>"; };
		5A2B8E1A248474950056ECB4 /* PrimaryWindowController.swift */ = {isa = PBXFileReference; lastKnownFileType = sourcecode.swift; path = PrimaryWindowController.swift; sourceTree = "<group>"; };
		5A69FB35245BD38F003E2F56 /* SidebarViewController+DragDrop.swift */ = {isa = PBXFileReference; lastKnownFileType = sourcecode.swift; path = "SidebarViewController+DragDrop.swift"; sourceTree = "<group>"; };
		5A69FB38245BD698003E2F56 /* DirectoryPasteboardItem.swift */ = {isa = PBXFileReference; lastKnownFileType = sourcecode.swift; path = DirectoryPasteboardItem.swift; sourceTree = "<group>"; };
		5A73E4DC24528F5800450137 /* Graphs.app */ = {isa = PBXFileReference; explicitFileType = wrapper.application; includeInIndex = 0; path = Graphs.app; sourceTree = BUILT_PRODUCTS_DIR; };
		5A73E4DF24528F5800450137 /* AppDelegate.swift */ = {isa = PBXFileReference; lastKnownFileType = sourcecode.swift; path = AppDelegate.swift; sourceTree = "<group>"; };
		5A73E4E324528F5B00450137 /* Assets.xcassets */ = {isa = PBXFileReference; lastKnownFileType = folder.assetcatalog; path = Assets.xcassets; sourceTree = "<group>"; };
		5A73E4E624528F5B00450137 /* Base */ = {isa = PBXFileReference; lastKnownFileType = file.storyboard; name = Base; path = Base.lproj/Main.storyboard; sourceTree = "<group>"; };
		5A73E4E824528F5B00450137 /* Info.plist */ = {isa = PBXFileReference; lastKnownFileType = text.plist.xml; path = Info.plist; sourceTree = "<group>"; };
		5A73E4E924528F5B00450137 /* Graphs.entitlements */ = {isa = PBXFileReference; lastKnownFileType = text.plist.entitlements; path = Graphs.entitlements; sourceTree = "<group>"; };
		5A73E4EE24528F5B00450137 /* GraphsTests.xctest */ = {isa = PBXFileReference; explicitFileType = wrapper.cfbundle; includeInIndex = 0; path = GraphsTests.xctest; sourceTree = BUILT_PRODUCTS_DIR; };
		5A73E4F224528F5B00450137 /* GraphsTests.swift */ = {isa = PBXFileReference; lastKnownFileType = sourcecode.swift; path = GraphsTests.swift; sourceTree = "<group>"; };
		5A73E4F424528F5B00450137 /* Info.plist */ = {isa = PBXFileReference; lastKnownFileType = text.plist.xml; path = Info.plist; sourceTree = "<group>"; };
		5A73E4F924528F5B00450137 /* GraphsUITests.xctest */ = {isa = PBXFileReference; explicitFileType = wrapper.cfbundle; includeInIndex = 0; path = GraphsUITests.xctest; sourceTree = BUILT_PRODUCTS_DIR; };
		5A73E4FD24528F5B00450137 /* GraphsUITests.swift */ = {isa = PBXFileReference; lastKnownFileType = sourcecode.swift; path = GraphsUITests.swift; sourceTree = "<group>"; };
		5A73E4FF24528F5B00450137 /* Info.plist */ = {isa = PBXFileReference; lastKnownFileType = text.plist.xml; path = Info.plist; sourceTree = "<group>"; };
		5A73E50E2452969B00450137 /* SidebarViewController.swift */ = {isa = PBXFileReference; lastKnownFileType = sourcecode.swift; path = SidebarViewController.swift; sourceTree = "<group>"; };
		5A73E51324529BC000450137 /* GraphsModel.xcdatamodel */ = {isa = PBXFileReference; lastKnownFileType = wrapper.xcdatamodel; path = GraphsModel.xcdatamodel; sourceTree = "<group>"; };
		5A73E51B2452A78F00450137 /* File.swift */ = {isa = PBXFileReference; lastKnownFileType = sourcecode.swift; path = File.swift; sourceTree = "<group>"; };
		5A73E51D2452A78F00450137 /* DirectoryItem.swift */ = {isa = PBXFileReference; lastKnownFileType = sourcecode.swift; path = DirectoryItem.swift; sourceTree = "<group>"; };
		5A73E51F2452A78F00450137 /* Directory.swift */ = {isa = PBXFileReference; lastKnownFileType = sourcecode.swift; path = Directory.swift; sourceTree = "<group>"; };
		5A73E53124531D2500450137 /* DataController.swift */ = {isa = PBXFileReference; lastKnownFileType = sourcecode.swift; path = DataController.swift; sourceTree = "<group>"; };
		5A73E53924533BF300450137 /* Debug.swift */ = {isa = PBXFileReference; lastKnownFileType = sourcecode.swift; path = Debug.swift; sourceTree = "<group>"; };
		5A73E53B2453473F00450137 /* Identifiers.swift */ = {isa = PBXFileReference; lastKnownFileType = sourcecode.swift; path = Identifiers.swift; sourceTree = "<group>"; };
		5A79055E24554B0A0021CDB2 /* DirectoryController.swift */ = {isa = PBXFileReference; lastKnownFileType = sourcecode.swift; path = DirectoryController.swift; sourceTree = "<group>"; };
		5AA95E42247B76EB001FF163 /* FileListViewController.swift */ = {isa = PBXFileReference; lastKnownFileType = sourcecode.swift; path = FileListViewController.swift; sourceTree = "<group>"; };
		5AA95E44247B79BC001FF163 /* FileListViewController+NSTableViewDelegate.swift */ = {isa = PBXFileReference; lastKnownFileType = sourcecode.swift; path = "FileListViewController+NSTableViewDelegate.swift"; sourceTree = "<group>"; };
		5AF55145246C340B00029E40 /* SidebarViewController+FirstResponder.swift */ = {isa = PBXFileReference; lastKnownFileType = sourcecode.swift; path = "SidebarViewController+FirstResponder.swift"; sourceTree = "<group>"; };
		5AF55147246C344F00029E40 /* SidebarViewController+NSOutlineViewDelegate.swift */ = {isa = PBXFileReference; lastKnownFileType = sourcecode.swift; path = "SidebarViewController+NSOutlineViewDelegate.swift"; sourceTree = "<group>"; };
		5AF55149246C34EE00029E40 /* SidebarViewController+NSTextFieldDelegate.swift */ = {isa = PBXFileReference; lastKnownFileType = sourcecode.swift; path = "SidebarViewController+NSTextFieldDelegate.swift"; sourceTree = "<group>"; };
		5AF5514B246C382900029E40 /* SidebarViewController+NSFilePromiseProviderDelegate.swift */ = {isa = PBXFileReference; lastKnownFileType = sourcecode.swift; path = "SidebarViewController+NSFilePromiseProviderDelegate.swift"; sourceTree = "<group>"; };
/* End PBXFileReference section */

/* Begin PBXFrameworksBuildPhase section */
		5A73E4D924528F5800450137 /* Frameworks */ = {
			isa = PBXFrameworksBuildPhase;
			buildActionMask = 2147483647;
			files = (
			);
			runOnlyForDeploymentPostprocessing = 0;
		};
		5A73E4EB24528F5B00450137 /* Frameworks */ = {
			isa = PBXFrameworksBuildPhase;
			buildActionMask = 2147483647;
			files = (
			);
			runOnlyForDeploymentPostprocessing = 0;
		};
		5A73E4F624528F5B00450137 /* Frameworks */ = {
			isa = PBXFrameworksBuildPhase;
			buildActionMask = 2147483647;
			files = (
			);
			runOnlyForDeploymentPostprocessing = 0;
		};
/* End PBXFrameworksBuildPhase section */

/* Begin PBXGroup section */
		5A69FB37245BD619003E2F56 /* Source List */ = {
			isa = PBXGroup;
			children = (
				5A73E50E2452969B00450137 /* SidebarViewController.swift */,
				5A69FB35245BD38F003E2F56 /* SidebarViewController+DragDrop.swift */,
				5AF5514B246C382900029E40 /* SidebarViewController+NSFilePromiseProviderDelegate.swift */,
				5AF55147246C344F00029E40 /* SidebarViewController+NSOutlineViewDelegate.swift */,
				5AF55149246C34EE00029E40 /* SidebarViewController+NSTextFieldDelegate.swift */,
				5AF55145246C340B00029E40 /* SidebarViewController+FirstResponder.swift */,
				5A69FB38245BD698003E2F56 /* DirectoryPasteboardItem.swift */,
			);
			path = "Source List";
			sourceTree = "<group>";
		};
		5A73E4D324528F5800450137 = {
			isa = PBXGroup;
			children = (
				5A73E4DE24528F5800450137 /* Graphs */,
				5A73E4F124528F5B00450137 /* GraphsTests */,
				5A73E4FC24528F5B00450137 /* GraphsUITests */,
				5A73E4DD24528F5800450137 /* Products */,
			);
			sourceTree = "<group>";
		};
		5A73E4DD24528F5800450137 /* Products */ = {
			isa = PBXGroup;
			children = (
				5A73E4DC24528F5800450137 /* Graphs.app */,
				5A73E4EE24528F5B00450137 /* GraphsTests.xctest */,
				5A73E4F924528F5B00450137 /* GraphsUITests.xctest */,
			);
			name = Products;
			sourceTree = "<group>";
		};
		5A73E4DE24528F5800450137 /* Graphs */ = {
			isa = PBXGroup;
			children = (
				5A73E4DF24528F5800450137 /* AppDelegate.swift */,
				5A73E53924533BF300450137 /* Debug.swift */,
				5A73E53B2453473F00450137 /* Identifiers.swift */,
				5A2B8E1A248474950056ECB4 /* PrimaryWindowController.swift */,
				5A73E50B2452966200450137 /* Models */,
				5A73E50C2452966B00450137 /* Views */,
				5A73E50D2452966F00450137 /* View Controllers */,
				5A73E4E324528F5B00450137 /* Assets.xcassets */,
				5A73E4E524528F5B00450137 /* Main.storyboard */,
				5A73E4E824528F5B00450137 /* Info.plist */,
				5A73E4E924528F5B00450137 /* Graphs.entitlements */,
			);
			path = Graphs;
			sourceTree = "<group>";
		};
		5A73E4F124528F5B00450137 /* GraphsTests */ = {
			isa = PBXGroup;
			children = (
				5A73E4F224528F5B00450137 /* GraphsTests.swift */,
				5A73E4F424528F5B00450137 /* Info.plist */,
			);
			path = GraphsTests;
			sourceTree = "<group>";
		};
		5A73E4FC24528F5B00450137 /* GraphsUITests */ = {
			isa = PBXGroup;
			children = (
				5A73E4FD24528F5B00450137 /* GraphsUITests.swift */,
				5A73E4FF24528F5B00450137 /* Info.plist */,
			);
			path = GraphsUITests;
			sourceTree = "<group>";
		};
		5A73E50B2452966200450137 /* Models */ = {
			isa = PBXGroup;
			children = (
				5A73E51224529BC000450137 /* GraphsModel.xcdatamodeld */,
				5A79055D24554AF10021CDB2 /* Controllers */,
				5A73E52F24531D0200450137 /* Entities */,
			);
			path = Models;
			sourceTree = "<group>";
		};
		5A73E50C2452966B00450137 /* Views */ = {
			isa = PBXGroup;
			children = (
			);
			path = Views;
			sourceTree = "<group>";
		};
		5A73E50D2452966F00450137 /* View Controllers */ = {
			isa = PBXGroup;
			children = (
				5AA95E41247B76D4001FF163 /* File List */,
				5A69FB37245BD619003E2F56 /* Source List */,
			);
			path = "View Controllers";
			sourceTree = "<group>";
		};
		5A73E52F24531D0200450137 /* Entities */ = {
			isa = PBXGroup;
			children = (
				5A73E51D2452A78F00450137 /* DirectoryItem.swift */,
				5A73E51B2452A78F00450137 /* File.swift */,
				5A73E51F2452A78F00450137 /* Directory.swift */,
			);
			path = Entities;
			sourceTree = "<group>";
		};
		5A79055D24554AF10021CDB2 /* Controllers */ = {
			isa = PBXGroup;
			children = (
				5A73E53124531D2500450137 /* DataController.swift */,
				5A79055E24554B0A0021CDB2 /* DirectoryController.swift */,
			);
			path = Controllers;
			sourceTree = "<group>";
		};
		5AA95E41247B76D4001FF163 /* File List */ = {
			isa = PBXGroup;
			children = (
				5AA95E42247B76EB001FF163 /* FileListViewController.swift */,
				5AA95E44247B79BC001FF163 /* FileListViewController+NSTableViewDelegate.swift */,
				5A24AD91248CD4A800569BE1 /* FileListViewController+DragDrop.swift */,
				5A24AD93248CDE7100569BE1 /* FileListViewController+FirstResponder.swift */,
			);
			path = "File List";
			sourceTree = "<group>";
		};
/* End PBXGroup section */

/* Begin PBXNativeTarget section */
		5A73E4DB24528F5800450137 /* Graphs */ = {
			isa = PBXNativeTarget;
			buildConfigurationList = 5A73E50224528F5B00450137 /* Build configuration list for PBXNativeTarget "Graphs" */;
			buildPhases = (
				5A73E4D824528F5800450137 /* Sources */,
				5A73E4D924528F5800450137 /* Frameworks */,
				5A73E4DA24528F5800450137 /* Resources */,
			);
			buildRules = (
			);
			dependencies = (
			);
			name = Graphs;
			productName = Graphs;
			productReference = 5A73E4DC24528F5800450137 /* Graphs.app */;
			productType = "com.apple.product-type.application";
		};
		5A73E4ED24528F5B00450137 /* GraphsTests */ = {
			isa = PBXNativeTarget;
			buildConfigurationList = 5A73E50524528F5B00450137 /* Build configuration list for PBXNativeTarget "GraphsTests" */;
			buildPhases = (
				5A73E4EA24528F5B00450137 /* Sources */,
				5A73E4EB24528F5B00450137 /* Frameworks */,
				5A73E4EC24528F5B00450137 /* Resources */,
			);
			buildRules = (
			);
			dependencies = (
				5A73E4F024528F5B00450137 /* PBXTargetDependency */,
			);
			name = GraphsTests;
			productName = GraphsTests;
			productReference = 5A73E4EE24528F5B00450137 /* GraphsTests.xctest */;
			productType = "com.apple.product-type.bundle.unit-test";
		};
		5A73E4F824528F5B00450137 /* GraphsUITests */ = {
			isa = PBXNativeTarget;
			buildConfigurationList = 5A73E50824528F5B00450137 /* Build configuration list for PBXNativeTarget "GraphsUITests" */;
			buildPhases = (
				5A73E4F524528F5B00450137 /* Sources */,
				5A73E4F624528F5B00450137 /* Frameworks */,
				5A73E4F724528F5B00450137 /* Resources */,
			);
			buildRules = (
			);
			dependencies = (
				5A73E4FB24528F5B00450137 /* PBXTargetDependency */,
			);
			name = GraphsUITests;
			productName = GraphsUITests;
			productReference = 5A73E4F924528F5B00450137 /* GraphsUITests.xctest */;
			productType = "com.apple.product-type.bundle.ui-testing";
		};
/* End PBXNativeTarget section */

/* Begin PBXProject section */
		5A73E4D424528F5800450137 /* Project object */ = {
			isa = PBXProject;
			attributes = {
				LastSwiftUpdateCheck = 1140;
				LastUpgradeCheck = 1140;
				ORGANIZATIONNAME = "Connor Barnes";
				TargetAttributes = {
					5A73E4DB24528F5800450137 = {
						CreatedOnToolsVersion = 11.4.1;
					};
					5A73E4ED24528F5B00450137 = {
						CreatedOnToolsVersion = 11.4.1;
						TestTargetID = 5A73E4DB24528F5800450137;
					};
					5A73E4F824528F5B00450137 = {
						CreatedOnToolsVersion = 11.4.1;
						TestTargetID = 5A73E4DB24528F5800450137;
					};
				};
			};
			buildConfigurationList = 5A73E4D724528F5800450137 /* Build configuration list for PBXProject "Graphs" */;
			compatibilityVersion = "Xcode 9.3";
			developmentRegion = en;
			hasScannedForEncodings = 0;
			knownRegions = (
				en,
				Base,
			);
			mainGroup = 5A73E4D324528F5800450137;
			productRefGroup = 5A73E4DD24528F5800450137 /* Products */;
			projectDirPath = "";
			projectRoot = "";
			targets = (
				5A73E4DB24528F5800450137 /* Graphs */,
				5A73E4ED24528F5B00450137 /* GraphsTests */,
				5A73E4F824528F5B00450137 /* GraphsUITests */,
			);
		};
/* End PBXProject section */

/* Begin PBXResourcesBuildPhase section */
		5A73E4DA24528F5800450137 /* Resources */ = {
			isa = PBXResourcesBuildPhase;
			buildActionMask = 2147483647;
			files = (
				5A73E4E424528F5B00450137 /* Assets.xcassets in Resources */,
				5A73E4E724528F5B00450137 /* Main.storyboard in Resources */,
			);
			runOnlyForDeploymentPostprocessing = 0;
		};
		5A73E4EC24528F5B00450137 /* Resources */ = {
			isa = PBXResourcesBuildPhase;
			buildActionMask = 2147483647;
			files = (
			);
			runOnlyForDeploymentPostprocessing = 0;
		};
		5A73E4F724528F5B00450137 /* Resources */ = {
			isa = PBXResourcesBuildPhase;
			buildActionMask = 2147483647;
			files = (
			);
			runOnlyForDeploymentPostprocessing = 0;
		};
/* End PBXResourcesBuildPhase section */

/* Begin PBXSourcesBuildPhase section */
		5A73E4D824528F5800450137 /* Sources */ = {
			isa = PBXSourcesBuildPhase;
			buildActionMask = 2147483647;
			files = (
				5A73E53C2453473F00450137 /* Identifiers.swift in Sources */,
				5A2B8E1B248474950056ECB4 /* PrimaryWindowController.swift in Sources */,
				5A69FB39245BD698003E2F56 /* DirectoryPasteboardItem.swift in Sources */,
				5A79055F24554B0A0021CDB2 /* DirectoryController.swift in Sources */,
				5A73E51424529BC000450137 /* GraphsModel.xcdatamodeld in Sources */,
				5A24AD92248CD4A800569BE1 /* FileListViewController+DragDrop.swift in Sources */,
				5AF55148246C344F00029E40 /* SidebarViewController+NSOutlineViewDelegate.swift in Sources */,
				5A73E5252452A78F00450137 /* Directory.swift in Sources */,
				5A73E5232452A78F00450137 /* DirectoryItem.swift in Sources */,
				5A73E53A24533BF300450137 /* Debug.swift in Sources */,
				5A73E50F2452969B00450137 /* SidebarViewController.swift in Sources */,
				5AF55146246C340B00029E40 /* SidebarViewController+FirstResponder.swift in Sources */,
				5AA95E45247B79BC001FF163 /* FileListViewController+NSTableViewDelegate.swift in Sources */,
				5A69FB36245BD38F003E2F56 /* SidebarViewController+DragDrop.swift in Sources */,
				5AF5514C246C382900029E40 /* SidebarViewController+NSFilePromiseProviderDelegate.swift in Sources */,
				5A73E53224531D2500450137 /* DataController.swift in Sources */,
				5AA95E43247B76EB001FF163 /* FileListViewController.swift in Sources */,
				5A73E4E024528F5800450137 /* AppDelegate.swift in Sources */,
				5A73E5212452A78F00450137 /* File.swift in Sources */,
				5A24AD94248CDE7100569BE1 /* FileListViewController+FirstResponder.swift in Sources */,
				5AF5514A246C34EE00029E40 /* SidebarViewController+NSTextFieldDelegate.swift in Sources */,
			);
			runOnlyForDeploymentPostprocessing = 0;
		};
		5A73E4EA24528F5B00450137 /* Sources */ = {
			isa = PBXSourcesBuildPhase;
			buildActionMask = 2147483647;
			files = (
				5A73E4F324528F5B00450137 /* GraphsTests.swift in Sources */,
			);
			runOnlyForDeploymentPostprocessing = 0;
		};
		5A73E4F524528F5B00450137 /* Sources */ = {
			isa = PBXSourcesBuildPhase;
			buildActionMask = 2147483647;
			files = (
				5A73E4FE24528F5B00450137 /* GraphsUITests.swift in Sources */,
			);
			runOnlyForDeploymentPostprocessing = 0;
		};
/* End PBXSourcesBuildPhase section */

/* Begin PBXTargetDependency section */
		5A73E4F024528F5B00450137 /* PBXTargetDependency */ = {
			isa = PBXTargetDependency;
			target = 5A73E4DB24528F5800450137 /* Graphs */;
			targetProxy = 5A73E4EF24528F5B00450137 /* PBXContainerItemProxy */;
		};
		5A73E4FB24528F5B00450137 /* PBXTargetDependency */ = {
			isa = PBXTargetDependency;
			target = 5A73E4DB24528F5800450137 /* Graphs */;
			targetProxy = 5A73E4FA24528F5B00450137 /* PBXContainerItemProxy */;
		};
/* End PBXTargetDependency section */

/* Begin PBXVariantGroup section */
		5A73E4E524528F5B00450137 /* Main.storyboard */ = {
			isa = PBXVariantGroup;
			children = (
				5A73E4E624528F5B00450137 /* Base */,
			);
			name = Main.storyboard;
			sourceTree = "<group>";
		};
/* End PBXVariantGroup section */

/* Begin XCBuildConfiguration section */
		5A73E50024528F5B00450137 /* Debug */ = {
			isa = XCBuildConfiguration;
			buildSettings = {
				ALWAYS_SEARCH_USER_PATHS = NO;
				CLANG_ANALYZER_NONNULL = YES;
				CLANG_ANALYZER_NUMBER_OBJECT_CONVERSION = YES_AGGRESSIVE;
				CLANG_CXX_LANGUAGE_STANDARD = "gnu++14";
				CLANG_CXX_LIBRARY = "libc++";
				CLANG_ENABLE_MODULES = YES;
				CLANG_ENABLE_OBJC_ARC = YES;
				CLANG_ENABLE_OBJC_WEAK = YES;
				CLANG_WARN_BLOCK_CAPTURE_AUTORELEASING = YES;
				CLANG_WARN_BOOL_CONVERSION = YES;
				CLANG_WARN_COMMA = YES;
				CLANG_WARN_CONSTANT_CONVERSION = YES;
				CLANG_WARN_DEPRECATED_OBJC_IMPLEMENTATIONS = YES;
				CLANG_WARN_DIRECT_OBJC_ISA_USAGE = YES_ERROR;
				CLANG_WARN_DOCUMENTATION_COMMENTS = YES;
				CLANG_WARN_EMPTY_BODY = YES;
				CLANG_WARN_ENUM_CONVERSION = YES;
				CLANG_WARN_INFINITE_RECURSION = YES;
				CLANG_WARN_INT_CONVERSION = YES;
				CLANG_WARN_NON_LITERAL_NULL_CONVERSION = YES;
				CLANG_WARN_OBJC_IMPLICIT_RETAIN_SELF = YES;
				CLANG_WARN_OBJC_LITERAL_CONVERSION = YES;
				CLANG_WARN_OBJC_ROOT_CLASS = YES_ERROR;
				CLANG_WARN_RANGE_LOOP_ANALYSIS = YES;
				CLANG_WARN_STRICT_PROTOTYPES = YES;
				CLANG_WARN_SUSPICIOUS_MOVE = YES;
				CLANG_WARN_UNGUARDED_AVAILABILITY = YES_AGGRESSIVE;
				CLANG_WARN_UNREACHABLE_CODE = YES;
				CLANG_WARN__DUPLICATE_METHOD_MATCH = YES;
				COPY_PHASE_STRIP = NO;
				DEBUG_INFORMATION_FORMAT = dwarf;
				ENABLE_STRICT_OBJC_MSGSEND = YES;
				ENABLE_TESTABILITY = YES;
				GCC_C_LANGUAGE_STANDARD = gnu11;
				GCC_DYNAMIC_NO_PIC = NO;
				GCC_NO_COMMON_BLOCKS = YES;
				GCC_OPTIMIZATION_LEVEL = 0;
				GCC_PREPROCESSOR_DEFINITIONS = (
					"DEBUG=1",
					"$(inherited)",
				);
				GCC_WARN_64_TO_32_BIT_CONVERSION = YES;
				GCC_WARN_ABOUT_RETURN_TYPE = YES_ERROR;
				GCC_WARN_UNDECLARED_SELECTOR = YES;
				GCC_WARN_UNINITIALIZED_AUTOS = YES_AGGRESSIVE;
				GCC_WARN_UNUSED_FUNCTION = YES;
				GCC_WARN_UNUSED_VARIABLE = YES;
				MACOSX_DEPLOYMENT_TARGET = 10.15;
				MTL_ENABLE_DEBUG_INFO = INCLUDE_SOURCE;
				MTL_FAST_MATH = YES;
				ONLY_ACTIVE_ARCH = YES;
				SDKROOT = macosx;
				SWIFT_ACTIVE_COMPILATION_CONDITIONS = DEBUG;
				SWIFT_OPTIMIZATION_LEVEL = "-Onone";
			};
			name = Debug;
		};
		5A73E50124528F5B00450137 /* Release */ = {
			isa = XCBuildConfiguration;
			buildSettings = {
				ALWAYS_SEARCH_USER_PATHS = NO;
				CLANG_ANALYZER_NONNULL = YES;
				CLANG_ANALYZER_NUMBER_OBJECT_CONVERSION = YES_AGGRESSIVE;
				CLANG_CXX_LANGUAGE_STANDARD = "gnu++14";
				CLANG_CXX_LIBRARY = "libc++";
				CLANG_ENABLE_MODULES = YES;
				CLANG_ENABLE_OBJC_ARC = YES;
				CLANG_ENABLE_OBJC_WEAK = YES;
				CLANG_WARN_BLOCK_CAPTURE_AUTORELEASING = YES;
				CLANG_WARN_BOOL_CONVERSION = YES;
				CLANG_WARN_COMMA = YES;
				CLANG_WARN_CONSTANT_CONVERSION = YES;
				CLANG_WARN_DEPRECATED_OBJC_IMPLEMENTATIONS = YES;
				CLANG_WARN_DIRECT_OBJC_ISA_USAGE = YES_ERROR;
				CLANG_WARN_DOCUMENTATION_COMMENTS = YES;
				CLANG_WARN_EMPTY_BODY = YES;
				CLANG_WARN_ENUM_CONVERSION = YES;
				CLANG_WARN_INFINITE_RECURSION = YES;
				CLANG_WARN_INT_CONVERSION = YES;
				CLANG_WARN_NON_LITERAL_NULL_CONVERSION = YES;
				CLANG_WARN_OBJC_IMPLICIT_RETAIN_SELF = YES;
				CLANG_WARN_OBJC_LITERAL_CONVERSION = YES;
				CLANG_WARN_OBJC_ROOT_CLASS = YES_ERROR;
				CLANG_WARN_RANGE_LOOP_ANALYSIS = YES;
				CLANG_WARN_STRICT_PROTOTYPES = YES;
				CLANG_WARN_SUSPICIOUS_MOVE = YES;
				CLANG_WARN_UNGUARDED_AVAILABILITY = YES_AGGRESSIVE;
				CLANG_WARN_UNREACHABLE_CODE = YES;
				CLANG_WARN__DUPLICATE_METHOD_MATCH = YES;
				COPY_PHASE_STRIP = NO;
				DEBUG_INFORMATION_FORMAT = "dwarf-with-dsym";
				ENABLE_NS_ASSERTIONS = NO;
				ENABLE_STRICT_OBJC_MSGSEND = YES;
				GCC_C_LANGUAGE_STANDARD = gnu11;
				GCC_NO_COMMON_BLOCKS = YES;
				GCC_WARN_64_TO_32_BIT_CONVERSION = YES;
				GCC_WARN_ABOUT_RETURN_TYPE = YES_ERROR;
				GCC_WARN_UNDECLARED_SELECTOR = YES;
				GCC_WARN_UNINITIALIZED_AUTOS = YES_AGGRESSIVE;
				GCC_WARN_UNUSED_FUNCTION = YES;
				GCC_WARN_UNUSED_VARIABLE = YES;
				MACOSX_DEPLOYMENT_TARGET = 10.15;
				MTL_ENABLE_DEBUG_INFO = NO;
				MTL_FAST_MATH = YES;
				SDKROOT = macosx;
				SWIFT_COMPILATION_MODE = wholemodule;
				SWIFT_OPTIMIZATION_LEVEL = "-O";
			};
			name = Release;
		};
		5A73E50324528F5B00450137 /* Debug */ = {
			isa = XCBuildConfiguration;
			buildSettings = {
				ASSETCATALOG_COMPILER_APPICON_NAME = AppIcon;
				CODE_SIGN_ENTITLEMENTS = Graphs/Graphs.entitlements;
				CODE_SIGN_IDENTITY = "Apple Development";
				CODE_SIGN_STYLE = Automatic;
				COMBINE_HIDPI_IMAGES = YES;
				DEVELOPMENT_TEAM = 3ER597LK99;
				ENABLE_HARDENED_RUNTIME = YES;
				INFOPLIST_FILE = Graphs/Info.plist;
				LD_RUNPATH_SEARCH_PATHS = (
					"$(inherited)",
					"@executable_path/../Frameworks",
				);
				PRODUCT_BUNDLE_IDENTIFIER = connorbarnes.Graphs;
				PRODUCT_NAME = "$(TARGET_NAME)";
				SWIFT_VERSION = 5.0;
			};
			name = Debug;
		};
		5A73E50424528F5B00450137 /* Release */ = {
			isa = XCBuildConfiguration;
			buildSettings = {
				ASSETCATALOG_COMPILER_APPICON_NAME = AppIcon;
				CODE_SIGN_ENTITLEMENTS = Graphs/Graphs.entitlements;
				CODE_SIGN_IDENTITY = "Apple Development";
				CODE_SIGN_STYLE = Automatic;
				COMBINE_HIDPI_IMAGES = YES;
				DEVELOPMENT_TEAM = 3ER597LK99;
				ENABLE_HARDENED_RUNTIME = YES;
				INFOPLIST_FILE = Graphs/Info.plist;
				LD_RUNPATH_SEARCH_PATHS = (
					"$(inherited)",
					"@executable_path/../Frameworks",
				);
				PRODUCT_BUNDLE_IDENTIFIER = connorbarnes.Graphs;
				PRODUCT_NAME = "$(TARGET_NAME)";
				SWIFT_VERSION = 5.0;
			};
			name = Release;
		};
		5A73E50624528F5B00450137 /* Debug */ = {
			isa = XCBuildConfiguration;
			buildSettings = {
				ALWAYS_EMBED_SWIFT_STANDARD_LIBRARIES = YES;
				BUNDLE_LOADER = "$(TEST_HOST)";
				CODE_SIGN_STYLE = Automatic;
				COMBINE_HIDPI_IMAGES = YES;
				DEVELOPMENT_TEAM = 3ER597LK99;
				INFOPLIST_FILE = GraphsTests/Info.plist;
				LD_RUNPATH_SEARCH_PATHS = (
					"$(inherited)",
					"@executable_path/../Frameworks",
					"@loader_path/../Frameworks",
				);
				MACOSX_DEPLOYMENT_TARGET = 10.15;
				PRODUCT_BUNDLE_IDENTIFIER = connorbarnes.GraphsTests;
				PRODUCT_NAME = "$(TARGET_NAME)";
				SWIFT_VERSION = 5.0;
				TEST_HOST = "$(BUILT_PRODUCTS_DIR)/Graphs.app/Contents/MacOS/Graphs";
			};
			name = Debug;
		};
		5A73E50724528F5B00450137 /* Release */ = {
			isa = XCBuildConfiguration;
			buildSettings = {
				ALWAYS_EMBED_SWIFT_STANDARD_LIBRARIES = YES;
				BUNDLE_LOADER = "$(TEST_HOST)";
				CODE_SIGN_STYLE = Automatic;
				COMBINE_HIDPI_IMAGES = YES;
				DEVELOPMENT_TEAM = 3ER597LK99;
				INFOPLIST_FILE = GraphsTests/Info.plist;
				LD_RUNPATH_SEARCH_PATHS = (
					"$(inherited)",
					"@executable_path/../Frameworks",
					"@loader_path/../Frameworks",
				);
				MACOSX_DEPLOYMENT_TARGET = 10.15;
				PRODUCT_BUNDLE_IDENTIFIER = connorbarnes.GraphsTests;
				PRODUCT_NAME = "$(TARGET_NAME)";
				SWIFT_VERSION = 5.0;
				TEST_HOST = "$(BUILT_PRODUCTS_DIR)/Graphs.app/Contents/MacOS/Graphs";
			};
			name = Release;
		};
		5A73E50924528F5B00450137 /* Debug */ = {
			isa = XCBuildConfiguration;
			buildSettings = {
				ALWAYS_EMBED_SWIFT_STANDARD_LIBRARIES = YES;
				CODE_SIGN_STYLE = Automatic;
				COMBINE_HIDPI_IMAGES = YES;
				DEVELOPMENT_TEAM = 3ER597LK99;
				INFOPLIST_FILE = GraphsUITests/Info.plist;
				LD_RUNPATH_SEARCH_PATHS = (
					"$(inherited)",
					"@executable_path/../Frameworks",
					"@loader_path/../Frameworks",
				);
				PRODUCT_BUNDLE_IDENTIFIER = connorbarnes.GraphsUITests;
				PRODUCT_NAME = "$(TARGET_NAME)";
				SWIFT_VERSION = 5.0;
				TEST_TARGET_NAME = Graphs;
			};
			name = Debug;
		};
		5A73E50A24528F5B00450137 /* Release */ = {
			isa = XCBuildConfiguration;
			buildSettings = {
				ALWAYS_EMBED_SWIFT_STANDARD_LIBRARIES = YES;
				CODE_SIGN_STYLE = Automatic;
				COMBINE_HIDPI_IMAGES = YES;
				DEVELOPMENT_TEAM = 3ER597LK99;
				INFOPLIST_FILE = GraphsUITests/Info.plist;
				LD_RUNPATH_SEARCH_PATHS = (
					"$(inherited)",
					"@executable_path/../Frameworks",
					"@loader_path/../Frameworks",
				);
				PRODUCT_BUNDLE_IDENTIFIER = connorbarnes.GraphsUITests;
				PRODUCT_NAME = "$(TARGET_NAME)";
				SWIFT_VERSION = 5.0;
				TEST_TARGET_NAME = Graphs;
			};
			name = Release;
		};
/* End XCBuildConfiguration section */

/* Begin XCConfigurationList section */
		5A73E4D724528F5800450137 /* Build configuration list for PBXProject "Graphs" */ = {
			isa = XCConfigurationList;
			buildConfigurations = (
				5A73E50024528F5B00450137 /* Debug */,
				5A73E50124528F5B00450137 /* Release */,
			);
			defaultConfigurationIsVisible = 0;
			defaultConfigurationName = Release;
		};
		5A73E50224528F5B00450137 /* Build configuration list for PBXNativeTarget "Graphs" */ = {
			isa = XCConfigurationList;
			buildConfigurations = (
				5A73E50324528F5B00450137 /* Debug */,
				5A73E50424528F5B00450137 /* Release */,
			);
			defaultConfigurationIsVisible = 0;
			defaultConfigurationName = Release;
		};
		5A73E50524528F5B00450137 /* Build configuration list for PBXNativeTarget "GraphsTests" */ = {
			isa = XCConfigurationList;
			buildConfigurations = (
				5A73E50624528F5B00450137 /* Debug */,
				5A73E50724528F5B00450137 /* Release */,
			);
			defaultConfigurationIsVisible = 0;
			defaultConfigurationName = Release;
		};
		5A73E50824528F5B00450137 /* Build configuration list for PBXNativeTarget "GraphsUITests" */ = {
			isa = XCConfigurationList;
			buildConfigurations = (
				5A73E50924528F5B00450137 /* Debug */,
				5A73E50A24528F5B00450137 /* Release */,
			);
			defaultConfigurationIsVisible = 0;
			defaultConfigurationName = Release;
		};
/* End XCConfigurationList section */

/* Begin XCVersionGroup section */
		5A73E51224529BC000450137 /* GraphsModel.xcdatamodeld */ = {
			isa = XCVersionGroup;
			children = (
				5A73E51324529BC000450137 /* GraphsModel.xcdatamodel */,
			);
			currentVersion = 5A73E51324529BC000450137 /* GraphsModel.xcdatamodel */;
			path = GraphsModel.xcdatamodeld;
			sourceTree = "<group>";
			versionGroupType = wrapper.xcdatamodel;
		};
/* End XCVersionGroup section */
	};
	rootObject = 5A73E4D424528F5800450137 /* Project object */;
}
