// !$*UTF8*$!
{
	archiveVersion = 1;
	classes = {
	};
	objectVersion = 77;
	objects = {

/* Begin PBXContainerItemProxy section */
		C072D6952CDDBD3E002BE8B9 /* PBXContainerItemProxy */ = {
			isa = PBXContainerItemProxy;
			containerPortal = C072D67B2CDDBD3D002BE8B9 /* Project object */;
			proxyType = 1;
			remoteGlobalIDString = C072D6822CDDBD3D002BE8B9;
			remoteInfo = DataGraphFramework;
		};
		C072D69F2CDDBD3E002BE8B9 /* PBXContainerItemProxy */ = {
			isa = PBXContainerItemProxy;
			containerPortal = C072D67B2CDDBD3D002BE8B9 /* Project object */;
			proxyType = 1;
			remoteGlobalIDString = C072D6822CDDBD3D002BE8B9;
			remoteInfo = DataGraphFramework;
		};
/* End PBXContainerItemProxy section */

/* Begin PBXFileReference section */
		C072D6832CDDBD3D002BE8B9 /* DataGraphFramework.app */ = {isa = PBXFileReference; explicitFileType = wrapper.application; includeInIndex = 0; path = DataGraphFramework.app; sourceTree = BUILT_PRODUCTS_DIR; };
		C072D6942CDDBD3E002BE8B9 /* DataGraphFrameworkTests.xctest */ = {isa = PBXFileReference; explicitFileType = wrapper.cfbundle; includeInIndex = 0; path = DataGraphFrameworkTests.xctest; sourceTree = BUILT_PRODUCTS_DIR; };
		C072D69E2CDDBD3E002BE8B9 /* DataGraphFrameworkUITests.xctest */ = {isa = PBXFileReference; explicitFileType = wrapper.cfbundle; includeInIndex = 0; path = DataGraphFrameworkUITests.xctest; sourceTree = BUILT_PRODUCTS_DIR; };
/* End PBXFileReference section */

/* Begin PBXFileSystemSynchronizedRootGroup section */
		C072D6852CDDBD3D002BE8B9 /* DataGraphFramework */ = {
			isa = PBXFileSystemSynchronizedRootGroup;
			path = DataGraphFramework;
			sourceTree = "<group>";
		};
/* End PBXFileSystemSynchronizedRootGroup section */

/* Begin PBXFrameworksBuildPhase section */
		C072D6802CDDBD3D002BE8B9 /* Frameworks */ = {
			isa = PBXFrameworksBuildPhase;
			buildActionMask = 2147483647;
			files = (
			);
			runOnlyForDeploymentPostprocessing = 0;
		};
		C072D6912CDDBD3E002BE8B9 /* Frameworks */ = {
			isa = PBXFrameworksBuildPhase;
			buildActionMask = 2147483647;
			files = (
			);
			runOnlyForDeploymentPostprocessing = 0;
		};
		C072D69B2CDDBD3E002BE8B9 /* Frameworks */ = {
			isa = PBXFrameworksBuildPhase;
			buildActionMask = 2147483647;
			files = (
			);
			runOnlyForDeploymentPostprocessing = 0;
		};
/* End PBXFrameworksBuildPhase section */

/* Begin PBXGroup section */
		C072D67A2CDDBD3D002BE8B9 = {
			isa = PBXGroup;
			children = (
				C072D6B52CDDBDA6002BE8B9 /* New Group */,
				C072D6842CDDBD3D002BE8B9 /* Products */,
			);
			sourceTree = "<group>";
		};
		C072D6842CDDBD3D002BE8B9 /* Products */ = {
			isa = PBXGroup;
			children = (
				C072D6832CDDBD3D002BE8B9 /* DataGraphFramework.app */,
				C072D6942CDDBD3E002BE8B9 /* DataGraphFrameworkTests.xctest */,
				C072D69E2CDDBD3E002BE8B9 /* DataGraphFrameworkUITests.xctest */,
			);
			name = Products;
			sourceTree = "<group>";
		};
		C072D6B52CDDBDA6002BE8B9 /* New Group */ = {
			isa = PBXGroup;
			children = (
				C072D6852CDDBD3D002BE8B9 /* DataGraphFramework */,
			);
			path = "New Group";
			sourceTree = "<group>";
		};
/* End PBXGroup section */

/* Begin PBXNativeTarget section */
		C072D6822CDDBD3D002BE8B9 /* DataGraphFramework */ = {
			isa = PBXNativeTarget;
			buildConfigurationList = C072D6A82CDDBD3E002BE8B9 /* Build configuration list for PBXNativeTarget "DataGraphFramework" */;
			buildPhases = (
				C072D67F2CDDBD3D002BE8B9 /* Sources */,
				C072D6802CDDBD3D002BE8B9 /* Frameworks */,
				C072D6812CDDBD3D002BE8B9 /* Resources */,
			);
			buildRules = (
			);
			dependencies = (
			);
			fileSystemSynchronizedGroups = (
				C072D6852CDDBD3D002BE8B9 /* DataGraphFramework */,
			);
			name = DataGraphFramework;
			packageProductDependencies = (
			);
			productName = DataGraphFramework;
			productReference = C072D6832CDDBD3D002BE8B9 /* DataGraphFramework.app */;
			productType = "com.apple.product-type.application";
		};
		C072D6932CDDBD3E002BE8B9 /* DataGraphFrameworkTests */ = {
			isa = PBXNativeTarget;
			buildConfigurationList = C072D6AB2CDDBD3E002BE8B9 /* Build configuration list for PBXNativeTarget "DataGraphFrameworkTests" */;
			buildPhases = (
				C072D6902CDDBD3E002BE8B9 /* Sources */,
				C072D6912CDDBD3E002BE8B9 /* Frameworks */,
				C072D6922CDDBD3E002BE8B9 /* Resources */,
			);
			buildRules = (
			);
			dependencies = (
				C072D6962CDDBD3E002BE8B9 /* PBXTargetDependency */,
			);
			name = DataGraphFrameworkTests;
			packageProductDependencies = (
			);
			productName = DataGraphFrameworkTests;
			productReference = C072D6942CDDBD3E002BE8B9 /* DataGraphFrameworkTests.xctest */;
			productType = "com.apple.product-type.bundle.unit-test";
		};
		C072D69D2CDDBD3E002BE8B9 /* DataGraphFrameworkUITests */ = {
			isa = PBXNativeTarget;
			buildConfigurationList = C072D6AE2CDDBD3E002BE8B9 /* Build configuration list for PBXNativeTarget "DataGraphFrameworkUITests" */;
			buildPhases = (
				C072D69A2CDDBD3E002BE8B9 /* Sources */,
				C072D69B2CDDBD3E002BE8B9 /* Frameworks */,
				C072D69C2CDDBD3E002BE8B9 /* Resources */,
			);
			buildRules = (
			);
			dependencies = (
				C072D6A02CDDBD3E002BE8B9 /* PBXTargetDependency */,
			);
			name = DataGraphFrameworkUITests;
			packageProductDependencies = (
			);
			productName = DataGraphFrameworkUITests;
			productReference = C072D69E2CDDBD3E002BE8B9 /* DataGraphFrameworkUITests.xctest */;
			productType = "com.apple.product-type.bundle.ui-testing";
		};
/* End PBXNativeTarget section */

/* Begin PBXProject section */
		C072D67B2CDDBD3D002BE8B9 /* Project object */ = {
			isa = PBXProject;
			attributes = {
				BuildIndependentTargetsInParallel = 1;
				LastSwiftUpdateCheck = 1610;
				LastUpgradeCheck = 1610;
				TargetAttributes = {
					C072D6822CDDBD3D002BE8B9 = {
						CreatedOnToolsVersion = 16.1;
					};
					C072D6932CDDBD3E002BE8B9 = {
						CreatedOnToolsVersion = 16.1;
						TestTargetID = C072D6822CDDBD3D002BE8B9;
					};
					C072D69D2CDDBD3E002BE8B9 = {
						CreatedOnToolsVersion = 16.1;
						TestTargetID = C072D6822CDDBD3D002BE8B9;
					};
				};
			};
			buildConfigurationList = C072D67E2CDDBD3D002BE8B9 /* Build configuration list for PBXProject "DataGraphFramework" */;
			developmentRegion = en;
			hasScannedForEncodings = 0;
			knownRegions = (
				en,
				Base,
			);
			mainGroup = C072D67A2CDDBD3D002BE8B9;
			minimizedProjectReferenceProxies = 1;
			preferredProjectObjectVersion = 77;
			productRefGroup = C072D6842CDDBD3D002BE8B9 /* Products */;
			projectDirPath = "";
			projectRoot = "";
			targets = (
				C072D6822CDDBD3D002BE8B9 /* DataGraphFramework */,
				C072D6932CDDBD3E002BE8B9 /* DataGraphFrameworkTests */,
				C072D69D2CDDBD3E002BE8B9 /* DataGraphFrameworkUITests */,
			);
		};
/* End PBXProject section */

/* Begin PBXResourcesBuildPhase section */
		C072D6812CDDBD3D002BE8B9 /* Resources */ = {
			isa = PBXResourcesBuildPhase;
			buildActionMask = 2147483647;
			files = (
			);
			runOnlyForDeploymentPostprocessing = 0;
		};
		C072D6922CDDBD3E002BE8B9 /* Resources */ = {
			isa = PBXResourcesBuildPhase;
			buildActionMask = 2147483647;
			files = (
			);
			runOnlyForDeploymentPostprocessing = 0;
		};
		C072D69C2CDDBD3E002BE8B9 /* Resources */ = {
			isa = PBXResourcesBuildPhase;
			buildActionMask = 2147483647;
			files = (
			);
			runOnlyForDeploymentPostprocessing = 0;
		};
/* End PBXResourcesBuildPhase section */

/* Begin PBXSourcesBuildPhase section */
		C072D67F2CDDBD3D002BE8B9 /* Sources */ = {
			isa = PBXSourcesBuildPhase;
			buildActionMask = 2147483647;
			files = (
			);
			runOnlyForDeploymentPostprocessing = 0;
		};
		C072D6902CDDBD3E002BE8B9 /* Sources */ = {
			isa = PBXSourcesBuildPhase;
			buildActionMask = 2147483647;
			files = (
			);
			runOnlyForDeploymentPostprocessing = 0;
		};
		C072D69A2CDDBD3E002BE8B9 /* Sources */ = {
			isa = PBXSourcesBuildPhase;
			buildActionMask = 2147483647;
			files = (
			);
			runOnlyForDeploymentPostprocessing = 0;
		};
/* End PBXSourcesBuildPhase section */

/* Begin PBXTargetDependency section */
		C072D6962CDDBD3E002BE8B9 /* PBXTargetDependency */ = {
			isa = PBXTargetDependency;
			target = C072D6822CDDBD3D002BE8B9 /* DataGraphFramework */;
			targetProxy = C072D6952CDDBD3E002BE8B9 /* PBXContainerItemProxy */;
		};
		C072D6A02CDDBD3E002BE8B9 /* PBXTargetDependency */ = {
			isa = PBXTargetDependency;
			target = C072D6822CDDBD3D002BE8B9 /* DataGraphFramework */;
			targetProxy = C072D69F2CDDBD3E002BE8B9 /* PBXContainerItemProxy */;
		};
/* End PBXTargetDependency section */

/* Begin XCBuildConfiguration section */
		C072D6A62CDDBD3E002BE8B9 /* Debug */ = {
			isa = XCBuildConfiguration;
			buildSettings = {
				ALWAYS_SEARCH_USER_PATHS = NO;
				ASSETCATALOG_COMPILER_GENERATE_SWIFT_ASSET_SYMBOL_EXTENSIONS = YES;
				CLANG_ANALYZER_NONNULL = YES;
				CLANG_ANALYZER_NUMBER_OBJECT_CONVERSION = YES_AGGRESSIVE;
				CLANG_CXX_LANGUAGE_STANDARD = "gnu++20";
				CLANG_ENABLE_MODULES = YES;
				CLANG_ENABLE_OBJC_ARC = YES;
				CLANG_ENABLE_OBJC_WEAK = YES;
				CLANG_WARN_BLOCK_CAPTURE_AUTORELEASING = YES;
				CLANG_WARN_BOOL_CONVERSION = YES;
				CLANG_WARN_COMMA = YES;
				CLANG_WARN_CONSTANT_CONVERSION = YES;
				CLANG_WARN_DEPRECATED_OBJC_IMPLEMENTATIONS = YES;
				CLANG_WARN_DIRECT_OBJC_ISA_USAGE = YES_ERROR;
				CLANG_WARN_DOCUMENTATION_COMMENTS = YES;
				CLANG_WARN_EMPTY_BODY = YES;
				CLANG_WARN_ENUM_CONVERSION = YES;
				CLANG_WARN_INFINITE_RECURSION = YES;
				CLANG_WARN_INT_CONVERSION = YES;
				CLANG_WARN_NON_LITERAL_NULL_CONVERSION = YES;
				CLANG_WARN_OBJC_IMPLICIT_RETAIN_SELF = YES;
				CLANG_WARN_OBJC_LITERAL_CONVERSION = YES;
				CLANG_WARN_OBJC_ROOT_CLASS = YES_ERROR;
				CLANG_WARN_QUOTED_INCLUDE_IN_FRAMEWORK_HEADER = YES;
				CLANG_WARN_RANGE_LOOP_ANALYSIS = YES;
				CLANG_WARN_STRICT_PROTOTYPES = YES;
				CLANG_WARN_SUSPICIOUS_MOVE = YES;
				CLANG_WARN_UNGUARDED_AVAILABILITY = YES_AGGRESSIVE;
				CLANG_WARN_UNREACHABLE_CODE = YES;
				CLANG_WARN__DUPLICATE_METHOD_MATCH = YES;
				COPY_PHASE_STRIP = NO;
				DEBUG_INFORMATION_FORMAT = dwarf;
				ENABLE_STRICT_OBJC_MSGSEND = YES;
				ENABLE_TESTABILITY = YES;
				ENABLE_USER_SCRIPT_SANDBOXING = YES;
				GCC_C_LANGUAGE_STANDARD = gnu17;
				GCC_DYNAMIC_NO_PIC = NO;
				GCC_NO_COMMON_BLOCKS = YES;
				GCC_OPTIMIZATION_LEVEL = 0;
				GCC_PREPROCESSOR_DEFINITIONS = (
					"DEBUG=1",
					"$(inherited)",
				);
				GCC_WARN_64_TO_32_BIT_CONVERSION = YES;
				GCC_WARN_ABOUT_RETURN_TYPE = YES_ERROR;
				GCC_WARN_UNDECLARED_SELECTOR = YES;
				GCC_WARN_UNINITIALIZED_AUTOS = YES_AGGRESSIVE;
				GCC_WARN_UNUSED_FUNCTION = YES;
				GCC_WARN_UNUSED_VARIABLE = YES;
				LOCALIZATION_PREFERS_STRING_CATALOGS = YES;
				MACOSX_DEPLOYMENT_TARGET = 14.7;
				MTL_ENABLE_DEBUG_INFO = INCLUDE_SOURCE;
				MTL_FAST_MATH = YES;
				ONLY_ACTIVE_ARCH = YES;
				SDKROOT = macosx;
				SWIFT_ACTIVE_COMPILATION_CONDITIONS = "DEBUG $(inherited)";
				SWIFT_OPTIMIZATION_LEVEL = "-Onone";
			};
			name = Debug;
		};
		C072D6A72CDDBD3E002BE8B9 /* Release */ = {
			isa = XCBuildConfiguration;
			buildSettings = {
				ALWAYS_SEARCH_USER_PATHS = NO;
				ASSETCATALOG_COMPILER_GENERATE_SWIFT_ASSET_SYMBOL_EXTENSIONS = YES;
				CLANG_ANALYZER_NONNULL = YES;
				CLANG_ANALYZER_NUMBER_OBJECT_CONVERSION = YES_AGGRESSIVE;
				CLANG_CXX_LANGUAGE_STANDARD = "gnu++20";
				CLANG_ENABLE_MODULES = YES;
				CLANG_ENABLE_OBJC_ARC = YES;
				CLANG_ENABLE_OBJC_WEAK = YES;
				CLANG_WARN_BLOCK_CAPTURE_AUTORELEASING = YES;
				CLANG_WARN_BOOL_CONVERSION = YES;
				CLANG_WARN_COMMA = YES;
				CLANG_WARN_CONSTANT_CONVERSION = YES;
				CLANG_WARN_DEPRECATED_OBJC_IMPLEMENTATIONS = YES;
				CLANG_WARN_DIRECT_OBJC_ISA_USAGE = YES_ERROR;
				CLANG_WARN_DOCUMENTATION_COMMENTS = YES;
				CLANG_WARN_EMPTY_BODY = YES;
				CLANG_WARN_ENUM_CONVERSION = YES;
				CLANG_WARN_INFINITE_RECURSION = YES;
				CLANG_WARN_INT_CONVERSION = YES;
				CLANG_WARN_NON_LITERAL_NULL_CONVERSION = YES;
				CLANG_WARN_OBJC_IMPLICIT_RETAIN_SELF = YES;
				CLANG_WARN_OBJC_LITERAL_CONVERSION = YES;
				CLANG_WARN_OBJC_ROOT_CLASS = YES_ERROR;
				CLANG_WARN_QUOTED_INCLUDE_IN_FRAMEWORK_HEADER = YES;
				CLANG_WARN_RANGE_LOOP_ANALYSIS = YES;
				CLANG_WARN_STRICT_PROTOTYPES = YES;
				CLANG_WARN_SUSPICIOUS_MOVE = YES;
				CLANG_WARN_UNGUARDED_AVAILABILITY = YES_AGGRESSIVE;
				CLANG_WARN_UNREACHABLE_CODE = YES;
				CLANG_WARN__DUPLICATE_METHOD_MATCH = YES;
				COPY_PHASE_STRIP = NO;
				DEBUG_INFORMATION_FORMAT = "dwarf-with-dsym";
				ENABLE_NS_ASSERTIONS = NO;
				ENABLE_STRICT_OBJC_MSGSEND = YES;
				ENABLE_USER_SCRIPT_SANDBOXING = YES;
				GCC_C_LANGUAGE_STANDARD = gnu17;
				GCC_NO_COMMON_BLOCKS = YES;
				GCC_WARN_64_TO_32_BIT_CONVERSION = YES;
				GCC_WARN_ABOUT_RETURN_TYPE = YES_ERROR;
				GCC_WARN_UNDECLARED_SELECTOR = YES;
				GCC_WARN_UNINITIALIZED_AUTOS = YES_AGGRESSIVE;
				GCC_WARN_UNUSED_FUNCTION = YES;
				GCC_WARN_UNUSED_VARIABLE = YES;
				LOCALIZATION_PREFERS_STRING_CATALOGS = YES;
				MACOSX_DEPLOYMENT_TARGET = 14.7;
				MTL_ENABLE_DEBUG_INFO = NO;
				MTL_FAST_MATH = YES;
				SDKROOT = macosx;
				SWIFT_COMPILATION_MODE = wholemodule;
			};
			name = Release;
		};
		C072D6A92CDDBD3E002BE8B9 /* Debug */ = {
			isa = XCBuildConfiguration;
			buildSettings = {
				ASSETCATALOG_COMPILER_APPICON_NAME = AppIcon;
				ASSETCATALOG_COMPILER_GLOBAL_ACCENT_COLOR_NAME = AccentColor;
				CODE_SIGN_ENTITLEMENTS = DataGraphFramework/DataGraphFramework.entitlements;
				CODE_SIGN_STYLE = Automatic;
				COMBINE_HIDPI_IMAGES = YES;
				CURRENT_PROJECT_VERSION = 1;
				DEVELOPMENT_ASSET_PATHS = "\"DataGraphFramework/Preview Content\"";
				DEVELOPMENT_TEAM = Z553N3QGMH;
				ENABLE_HARDENED_RUNTIME = YES;
				ENABLE_PREVIEWS = YES;
				FRAMEWORK_SEARCH_PATHS = (
					"$(inherited)",
					"$(PROJECT_DIR)/DataGraphFramework",
				);
				GENERATE_INFOPLIST_FILE = YES;
				INFOPLIST_KEY_NSHumanReadableCopyright = "";
				LD_RUNPATH_SEARCH_PATHS = (
					"$(inherited)",
					"@executable_path/../Frameworks",
				);
				MARKETING_VERSION = 1.0;
				PRODUCT_BUNDLE_IDENTIFIER = edu.HRG.DataGraphFramework;
				PRODUCT_NAME = "$(TARGET_NAME)";
				SWIFT_EMIT_LOC_STRINGS = YES;
				SWIFT_VERSION = 5.0;
			};
			name = Debug;
		};
		C072D6AA2CDDBD3E002BE8B9 /* Release */ = {
			isa = XCBuildConfiguration;
			buildSettings = {
				ASSETCATALOG_COMPILER_APPICON_NAME = AppIcon;
				ASSETCATALOG_COMPILER_GLOBAL_ACCENT_COLOR_NAME = AccentColor;
				CODE_SIGN_ENTITLEMENTS = DataGraphFramework/DataGraphFramework.entitlements;
				CODE_SIGN_STYLE = Automatic;
				COMBINE_HIDPI_IMAGES = YES;
				CURRENT_PROJECT_VERSION = 1;
				DEVELOPMENT_ASSET_PATHS = "\"DataGraphFramework/Preview Content\"";
				DEVELOPMENT_TEAM = Z553N3QGMH;
				ENABLE_HARDENED_RUNTIME = YES;
				ENABLE_PREVIEWS = YES;
				FRAMEWORK_SEARCH_PATHS = (
					"$(inherited)",
					"$(PROJECT_DIR)/DataGraphFramework",
				);
				GENERATE_INFOPLIST_FILE = YES;
				INFOPLIST_KEY_NSHumanReadableCopyright = "";
				LD_RUNPATH_SEARCH_PATHS = (
					"$(inherited)",
					"@executable_path/../Frameworks",
				);
				MARKETING_VERSION = 1.0;
				PRODUCT_BUNDLE_IDENTIFIER = edu.HRG.DataGraphFramework;
				PRODUCT_NAME = "$(TARGET_NAME)";
				SWIFT_EMIT_LOC_STRINGS = YES;
				SWIFT_VERSION = 5.0;
			};
			name = Release;
		};
		C072D6AC2CDDBD3E002BE8B9 /* Debug */ = {
			isa = XCBuildConfiguration;
			buildSettings = {
				BUNDLE_LOADER = "$(TEST_HOST)";
				CODE_SIGN_STYLE = Automatic;
				CURRENT_PROJECT_VERSION = 1;
				DEVELOPMENT_TEAM = Z553N3QGMH;
				GENERATE_INFOPLIST_FILE = YES;
				MACOSX_DEPLOYMENT_TARGET = 14.7;
				MARKETING_VERSION = 1.0;
				PRODUCT_BUNDLE_IDENTIFIER = edu.HRG.DataGraphFrameworkTests;
				PRODUCT_NAME = "$(TARGET_NAME)";
				SWIFT_EMIT_LOC_STRINGS = NO;
				SWIFT_VERSION = 5.0;
				TEST_HOST = "$(BUILT_PRODUCTS_DIR)/DataGraphFramework.app/$(BUNDLE_EXECUTABLE_FOLDER_PATH)/DataGraphFramework";
			};
			name = Debug;
		};
		C072D6AD2CDDBD3E002BE8B9 /* Release */ = {
			isa = XCBuildConfiguration;
			buildSettings = {
				BUNDLE_LOADER = "$(TEST_HOST)";
				CODE_SIGN_STYLE = Automatic;
				CURRENT_PROJECT_VERSION = 1;
				DEVELOPMENT_TEAM = Z553N3QGMH;
				GENERATE_INFOPLIST_FILE = YES;
				MACOSX_DEPLOYMENT_TARGET = 14.7;
				MARKETING_VERSION = 1.0;
				PRODUCT_BUNDLE_IDENTIFIER = edu.HRG.DataGraphFrameworkTests;
				PRODUCT_NAME = "$(TARGET_NAME)";
				SWIFT_EMIT_LOC_STRINGS = NO;
				SWIFT_VERSION = 5.0;
				TEST_HOST = "$(BUILT_PRODUCTS_DIR)/DataGraphFramework.app/$(BUNDLE_EXECUTABLE_FOLDER_PATH)/DataGraphFramework";
			};
			name = Release;
		};
		C072D6AF2CDDBD3E002BE8B9 /* Debug */ = {
			isa = XCBuildConfiguration;
			buildSettings = {
				CODE_SIGN_STYLE = Automatic;
				CURRENT_PROJECT_VERSION = 1;
				DEVELOPMENT_TEAM = Z553N3QGMH;
				GENERATE_INFOPLIST_FILE = YES;
				MARKETING_VERSION = 1.0;
				PRODUCT_BUNDLE_IDENTIFIER = edu.HRG.DataGraphFrameworkUITests;
				PRODUCT_NAME = "$(TARGET_NAME)";
				SWIFT_EMIT_LOC_STRINGS = NO;
				SWIFT_VERSION = 5.0;
				TEST_TARGET_NAME = DataGraphFramework;
			};
			name = Debug;
		};
		C072D6B02CDDBD3E002BE8B9 /* Release */ = {
			isa = XCBuildConfiguration;
			buildSettings = {
				CODE_SIGN_STYLE = Automatic;
				CURRENT_PROJECT_VERSION = 1;
				DEVELOPMENT_TEAM = Z553N3QGMH;
				GENERATE_INFOPLIST_FILE = YES;
				MARKETING_VERSION = 1.0;
				PRODUCT_BUNDLE_IDENTIFIER = edu.HRG.DataGraphFrameworkUITests;
				PRODUCT_NAME = "$(TARGET_NAME)";
				SWIFT_EMIT_LOC_STRINGS = NO;
				SWIFT_VERSION = 5.0;
				TEST_TARGET_NAME = DataGraphFramework;
			};
			name = Release;
		};
/* End XCBuildConfiguration section */

/* Begin XCConfigurationList section */
		C072D67E2CDDBD3D002BE8B9 /* Build configuration list for PBXProject "DataGraphFramework" */ = {
			isa = XCConfigurationList;
			buildConfigurations = (
				C072D6A62CDDBD3E002BE8B9 /* Debug */,
				C072D6A72CDDBD3E002BE8B9 /* Release */,
			);
			defaultConfigurationIsVisible = 0;
			defaultConfigurationName = Release;
		};
		C072D6A82CDDBD3E002BE8B9 /* Build configuration list for PBXNativeTarget "DataGraphFramework" */ = {
			isa = XCConfigurationList;
			buildConfigurations = (
				C072D6A92CDDBD3E002BE8B9 /* Debug */,
				C072D6AA2CDDBD3E002BE8B9 /* Release */,
			);
			defaultConfigurationIsVisible = 0;
			defaultConfigurationName = Release;
		};
		C072D6AB2CDDBD3E002BE8B9 /* Build configuration list for PBXNativeTarget "DataGraphFrameworkTests" */ = {
			isa = XCConfigurationList;
			buildConfigurations = (
				C072D6AC2CDDBD3E002BE8B9 /* Debug */,
				C072D6AD2CDDBD3E002BE8B9 /* Release */,
			);
			defaultConfigurationIsVisible = 0;
			defaultConfigurationName = Release;
		};
		C072D6AE2CDDBD3E002BE8B9 /* Build configuration list for PBXNativeTarget "DataGraphFrameworkUITests" */ = {
			isa = XCConfigurationList;
			buildConfigurations = (
				C072D6AF2CDDBD3E002BE8B9 /* Debug */,
				C072D6B02CDDBD3E002BE8B9 /* Release */,
			);
			defaultConfigurationIsVisible = 0;
			defaultConfigurationName = Release;
		};
/* End XCConfigurationList section */
	};
	rootObject = C072D67B2CDDBD3D002BE8B9 /* Project object */;
}
